// !$*UTF8*$!
{
	archiveVersion = 1;
	classes = {
	};
	objectVersion = 56;
	objects = {

/* Begin PBXBuildFile section */
		A21B9D2B2FC38E3D00530D77 /* Localizable.xcstrings in Resources */ = {isa = PBXBuildFile; fileRef = A21B9D2A2FC38E3D00530D77 /* Localizable.xcstrings */; };
		A21B9D2F2FC3B5D100530D77 /* GameSessionSnapshot.swift in Sources */ = {isa = PBXBuildFile; fileRef = A21B9D2E2FC3B5D100530D77 /* GameSessionSnapshot.swift */; };
		A21B9D312FC3B5DC00530D77 /* SessionStore.swift in Sources */ = {isa = PBXBuildFile; fileRef = A21B9D302FC3B5DC00530D77 /* SessionStore.swift */; };
		A21B9D332FC3B5FF00530D77 /* SessionPersistenceTests.swift in Sources */ = {isa = PBXBuildFile; fileRef = A21B9D322FC3B5FF00530D77 /* SessionPersistenceTests.swift */; };
		AAA000000000000000000060 /* SkyjoScorekeeperApp.swift in Sources */ = {isa = PBXBuildFile; fileRef = AAA000000000000000000040 /* SkyjoScorekeeperApp.swift */; };
		AAA000000000000000000061 /* Theme.swift in Sources */ = {isa = PBXBuildFile; fileRef = AAA000000000000000000041 /* Theme.swift */; };
		AAA000000000000000000062 /* GameState.swift in Sources */ = {isa = PBXBuildFile; fileRef = AAA000000000000000000042 /* GameState.swift */; };
		AAA000000000000000000063 /* Player.swift in Sources */ = {isa = PBXBuildFile; fileRef = AAA000000000000000000043 /* Player.swift */; };
		AAA000000000000000000064 /* GameSession.swift in Sources */ = {isa = PBXBuildFile; fileRef = AAA000000000000000000044 /* GameSession.swift */; };
		AAA000000000000000000065 /* PlayerStanding.swift in Sources */ = {isa = PBXBuildFile; fileRef = AAA000000000000000000045 /* PlayerStanding.swift */; };
		AAA000000000000000000066 /* Round.swift in Sources */ = {isa = PBXBuildFile; fileRef = AAA000000000000000000046 /* Round.swift */; };
		AAA000000000000000000067 /* RoundScore.swift in Sources */ = {isa = PBXBuildFile; fileRef = AAA000000000000000000047 /* RoundScore.swift */; };
		AAA000000000000000000068 /* EasterEggOverlay.swift in Sources */ = {isa = PBXBuildFile; fileRef = AAA000000000000000000048 /* EasterEggOverlay.swift */; };
		AAA000000000000000000069 /* GameSetupView.swift in Sources */ = {isa = PBXBuildFile; fileRef = AAA000000000000000000049 /* GameSetupView.swift */; };
		AAA00000000000000000006A /* PlayerRowView.swift in Sources */ = {isa = PBXBuildFile; fileRef = AAA00000000000000000004A /* PlayerRowView.swift */; };
		AAA00000000000000000006B /* ScoreEntrySheet.swift in Sources */ = {isa = PBXBuildFile; fileRef = AAA00000000000000000004B /* ScoreEntrySheet.swift */; };
		AAA00000000000000000006C /* ScoringView.swift in Sources */ = {isa = PBXBuildFile; fileRef = AAA00000000000000000004C /* ScoringView.swift */; };
		AAA00000000000000000006D /* WinView.swift in Sources */ = {isa = PBXBuildFile; fileRef = AAA00000000000000000004D /* WinView.swift */; };
		AAA00000000000000000006E /* Assets.xcassets in Resources */ = {isa = PBXBuildFile; fileRef = AAA00000000000000000004E /* Assets.xcassets */; };
		AAA00000000000000000006F /* PrivacyInfo.xcprivacy in Resources */ = {isa = PBXBuildFile; fileRef = AAA000000000000000000052 /* PrivacyInfo.xcprivacy */; };
		AAA000000000000000000070 /* GameSetupTests.swift in Sources */ = {isa = PBXBuildFile; fileRef = AAA000000000000000000050 /* GameSetupTests.swift */; };
		AAA000000000000000000071 /* GameSessionTests.swift in Sources */ = {isa = PBXBuildFile; fileRef = AAA000000000000000000051 /* GameSessionTests.swift */; };
/* End PBXBuildFile section */

/* Begin PBXContainerItemProxy section */
		AAA000000000000000000081 /* PBXContainerItemProxy */ = {
			isa = PBXContainerItemProxy;
			containerPortal = AAA000000000000000000001 /* Project object */;
			proxyType = 1;
			remoteGlobalIDString = AAA000000000000000000010;
			remoteInfo = SkyjoScorekeeper;
		};
/* End PBXContainerItemProxy section */

/* Begin PBXFileReference section */
		A21B9D2A2FC38E3D00530D77 /* Localizable.xcstrings */ = {isa = PBXFileReference; lastKnownFileType = text.json.xcstrings; path = Localizable.xcstrings; sourceTree = "<group>"; };
		A21B9D2E2FC3B5D100530D77 /* GameSessionSnapshot.swift */ = {isa = PBXFileReference; lastKnownFileType = sourcecode.swift; path = GameSessionSnapshot.swift; sourceTree = "<group>"; };
		A21B9D302FC3B5DC00530D77 /* SessionStore.swift */ = {isa = PBXFileReference; lastKnownFileType = sourcecode.swift; path = SessionStore.swift; sourceTree = "<group>"; };
		A21B9D322FC3B5FF00530D77 /* SessionPersistenceTests.swift */ = {isa = PBXFileReference; lastKnownFileType = sourcecode.swift; path = SessionPersistenceTests.swift; sourceTree = "<group>"; };
		AAA000000000000000000011 /* SkyjoScorekeeper.app */ = {isa = PBXFileReference; explicitFileType = wrapper.application; includeInIndex = 0; path = SkyjoScorekeeper.app; sourceTree = BUILT_PRODUCTS_DIR; };
		AAA000000000000000000021 /* SkyjoScorekeeperTests.xctest */ = {isa = PBXFileReference; explicitFileType = wrapper.cfbundle; includeInIndex = 0; path = SkyjoScorekeeperTests.xctest; sourceTree = BUILT_PRODUCTS_DIR; };
		AAA000000000000000000040 /* SkyjoScorekeeperApp.swift */ = {isa = PBXFileReference; lastKnownFileType = sourcecode.swift; path = SkyjoScorekeeperApp.swift; sourceTree = "<group>"; };
		AAA000000000000000000041 /* Theme.swift */ = {isa = PBXFileReference; lastKnownFileType = sourcecode.swift; path = Theme.swift; sourceTree = "<group>"; };
		AAA000000000000000000042 /* GameState.swift */ = {isa = PBXFileReference; lastKnownFileType = sourcecode.swift; path = GameState.swift; sourceTree = "<group>"; };
		AAA000000000000000000043 /* Player.swift */ = {isa = PBXFileReference; lastKnownFileType = sourcecode.swift; path = Player.swift; sourceTree = "<group>"; };
		AAA000000000000000000044 /* GameSession.swift */ = {isa = PBXFileReference; lastKnownFileType = sourcecode.swift; path = GameSession.swift; sourceTree = "<group>"; };
		AAA000000000000000000045 /* PlayerStanding.swift */ = {isa = PBXFileReference; lastKnownFileType = sourcecode.swift; path = PlayerStanding.swift; sourceTree = "<group>"; };
		AAA000000000000000000046 /* Round.swift */ = {isa = PBXFileReference; lastKnownFileType = sourcecode.swift; path = Round.swift; sourceTree = "<group>"; };
		AAA000000000000000000047 /* RoundScore.swift */ = {isa = PBXFileReference; lastKnownFileType = sourcecode.swift; path = RoundScore.swift; sourceTree = "<group>"; };
		AAA000000000000000000048 /* EasterEggOverlay.swift */ = {isa = PBXFileReference; lastKnownFileType = sourcecode.swift; path = EasterEggOverlay.swift; sourceTree = "<group>"; };
		AAA000000000000000000049 /* GameSetupView.swift */ = {isa = PBXFileReference; lastKnownFileType = sourcecode.swift; path = GameSetupView.swift; sourceTree = "<group>"; };
		AAA00000000000000000004A /* PlayerRowView.swift */ = {isa = PBXFileReference; lastKnownFileType = sourcecode.swift; path = PlayerRowView.swift; sourceTree = "<group>"; };
		AAA00000000000000000004B /* ScoreEntrySheet.swift */ = {isa = PBXFileReference; lastKnownFileType = sourcecode.swift; path = ScoreEntrySheet.swift; sourceTree = "<group>"; };
		AAA00000000000000000004C /* ScoringView.swift */ = {isa = PBXFileReference; lastKnownFileType = sourcecode.swift; path = ScoringView.swift; sourceTree = "<group>"; };
		AAA00000000000000000004D /* WinView.swift */ = {isa = PBXFileReference; lastKnownFileType = sourcecode.swift; path = WinView.swift; sourceTree = "<group>"; };
		AAA00000000000000000004E /* Assets.xcassets */ = {isa = PBXFileReference; lastKnownFileType = folder.assetcatalog; path = Assets.xcassets; sourceTree = "<group>"; };
		AAA000000000000000000050 /* GameSetupTests.swift */ = {isa = PBXFileReference; lastKnownFileType = sourcecode.swift; path = GameSetupTests.swift; sourceTree = "<group>"; };
		AAA000000000000000000051 /* GameSessionTests.swift */ = {isa = PBXFileReference; lastKnownFileType = sourcecode.swift; path = GameSessionTests.swift; sourceTree = "<group>"; };
		AAA000000000000000000052 /* PrivacyInfo.xcprivacy */ = {isa = PBXFileReference; lastKnownFileType = text.plist.xml; path = PrivacyInfo.xcprivacy; sourceTree = "<group>"; };
/* End PBXFileReference section */

/* Begin PBXFrameworksBuildPhase section */
		AAA000000000000000000014 /* Frameworks */ = {
			isa = PBXFrameworksBuildPhase;
			buildActionMask = 2147483647;
			files = (
			);
			runOnlyForDeploymentPostprocessing = 0;
		};
		AAA000000000000000000023 /* Frameworks */ = {
			isa = PBXFrameworksBuildPhase;
			buildActionMask = 2147483647;
			files = (
			);
			runOnlyForDeploymentPostprocessing = 0;
		};
/* End PBXFrameworksBuildPhase section */

/* Begin PBXGroup section */
		AAA000000000000000000002 = {
			isa = PBXGroup;
			children = (
				AAA000000000000000000030 /* SkyjoScorekeeper */,
				AAA000000000000000000033 /* ../SkyjoScorekeeperTests */,
				AAA000000000000000000003 /* Products */,
				A21B9D2A2FC38E3D00530D77 /* Localizable.xcstrings */,
			);
			sourceTree = "<group>";
		};
		AAA000000000000000000003 /* Products */ = {
			isa = PBXGroup;
			children = (
				AAA000000000000000000011 /* SkyjoScorekeeper.app */,
				AAA000000000000000000021 /* SkyjoScorekeeperTests.xctest */,
			);
			name = Products;
			sourceTree = "<group>";
		};
		AAA000000000000000000030 /* SkyjoScorekeeper */ = {
			isa = PBXGroup;
			children = (
				AAA000000000000000000040 /* SkyjoScorekeeperApp.swift */,
				AAA000000000000000000041 /* Theme.swift */,
				AAA000000000000000000031 /* Models */,
				AAA000000000000000000032 /* Views */,
				AAA00000000000000000004E /* Assets.xcassets */,
				AAA000000000000000000052 /* PrivacyInfo.xcprivacy */,
			);
			name = SkyjoScorekeeper;
			sourceTree = "<group>";
		};
		AAA000000000000000000031 /* Models */ = {
			isa = PBXGroup;
			children = (
				AAA000000000000000000042 /* GameState.swift */,
				AAA000000000000000000043 /* Player.swift */,
				AAA000000000000000000044 /* GameSession.swift */,
				AAA000000000000000000045 /* PlayerStanding.swift */,
				AAA000000000000000000046 /* Round.swift */,
				AAA000000000000000000047 /* RoundScore.swift */,
				A21B9D2E2FC3B5D100530D77 /* GameSessionSnapshot.swift */,
				A21B9D302FC3B5DC00530D77 /* SessionStore.swift */,
			);
			path = Models;
			sourceTree = "<group>";
		};
		AAA000000000000000000032 /* Views */ = {
			isa = PBXGroup;
			children = (
				AAA000000000000000000048 /* EasterEggOverlay.swift */,
				AAA000000000000000000049 /* GameSetupView.swift */,
				AAA00000000000000000004A /* PlayerRowView.swift */,
				AAA00000000000000000004B /* ScoreEntrySheet.swift */,
				AAA00000000000000000004C /* ScoringView.swift */,
				AAA00000000000000000004D /* WinView.swift */,
			);
			path = Views;
			sourceTree = "<group>";
		};
		AAA000000000000000000033 /* ../SkyjoScorekeeperTests */ = {
			isa = PBXGroup;
			children = (
				AAA000000000000000000050 /* GameSetupTests.swift */,
				AAA000000000000000000051 /* GameSessionTests.swift */,
				A21B9D322FC3B5FF00530D77 /* SessionPersistenceTests.swift */,
			);
			path = ../SkyjoScorekeeperTests;
			sourceTree = "<group>";
		};
/* End PBXGroup section */

/* Begin PBXNativeTarget section */
		AAA000000000000000000010 /* SkyjoScorekeeper */ = {
			isa = PBXNativeTarget;
			buildConfigurationList = AAA000000000000000000015 /* Build configuration list for PBXNativeTarget "SkyjoScorekeeper" */;
			buildPhases = (
				AAA000000000000000000012 /* Sources */,
				AAA000000000000000000013 /* Resources */,
				AAA000000000000000000014 /* Frameworks */,
			);
			buildRules = (
			);
			dependencies = (
			);
			name = SkyjoScorekeeper;
			productName = SkyjoScorekeeper;
			productReference = AAA000000000000000000011 /* SkyjoScorekeeper.app */;
			productType = "com.apple.product-type.application";
		};
		AAA000000000000000000020 /* SkyjoScorekeeperTests */ = {
			isa = PBXNativeTarget;
			buildConfigurationList = AAA000000000000000000024 /* Build configuration list for PBXNativeTarget "SkyjoScorekeeperTests" */;
			buildPhases = (
				AAA000000000000000000022 /* Sources */,
				AAA000000000000000000023 /* Frameworks */,
			);
			buildRules = (
			);
			dependencies = (
				AAA000000000000000000080 /* PBXTargetDependency */,
			);
			name = SkyjoScorekeeperTests;
			productName = SkyjoScorekeeperTests;
			productReference = AAA000000000000000000021 /* SkyjoScorekeeperTests.xctest */;
			productType = "com.apple.product-type.bundle.unit-test";
		};
/* End PBXNativeTarget section */

/* Begin PBXProject section */
		AAA000000000000000000001 /* Project object */ = {
			isa = PBXProject;
			attributes = {
				BuildIndependentTargetsInParallel = 1;
				LastSwiftUpdateCheck = 1620;
				LastUpgradeCheck = 2650;
				TargetAttributes = {
					AAA000000000000000000010 = {
						CreatedOnToolsVersion = 16.2;
					};
					AAA000000000000000000020 = {
						CreatedOnToolsVersion = 16.2;
						TestTargetID = AAA000000000000000000010;
					};
				};
			};
			buildConfigurationList = AAA000000000000000000004 /* Build configuration list for PBXProject "SkyjoScorekeeper" */;
			compatibilityVersion = "Xcode 14.0";
			developmentRegion = en;
			hasScannedForEncodings = 0;
			knownRegions = (
				en,
				Base,
			);
			mainGroup = AAA000000000000000000002;
			productRefGroup = AAA000000000000000000003 /* Products */;
			projectDirPath = "";
			projectRoot = "";
			targets = (
				AAA000000000000000000010 /* SkyjoScorekeeper */,
				AAA000000000000000000020 /* SkyjoScorekeeperTests */,
			);
		};
/* End PBXProject section */

/* Begin PBXResourcesBuildPhase section */
		AAA000000000000000000013 /* Resources */ = {
			isa = PBXResourcesBuildPhase;
			buildActionMask = 2147483647;
			files = (
				AAA00000000000000000006E /* Assets.xcassets in Resources */,
				AAA00000000000000000006F /* PrivacyInfo.xcprivacy in Resources */,
				A21B9D2B2FC38E3D00530D77 /* Localizable.xcstrings in Resources */,
			);
			runOnlyForDeploymentPostprocessing = 0;
		};
/* End PBXResourcesBuildPhase section */

/* Begin PBXSourcesBuildPhase section */
		AAA000000000000000000012 /* Sources */ = {
			isa = PBXSourcesBuildPhase;
			buildActionMask = 2147483647;
			files = (
				AAA000000000000000000060 /* SkyjoScorekeeperApp.swift in Sources */,
				AAA000000000000000000061 /* Theme.swift in Sources */,
				AAA000000000000000000062 /* GameState.swift in Sources */,
				AAA000000000000000000063 /* Player.swift in Sources */,
				AAA000000000000000000064 /* GameSession.swift in Sources */,
				AAA000000000000000000065 /* PlayerStanding.swift in Sources */,
				AAA000000000000000000066 /* Round.swift in Sources */,
				AAA000000000000000000067 /* RoundScore.swift in Sources */,
				A21B9D2F2FC3B5D100530D77 /* GameSessionSnapshot.swift in Sources */,
				AAA000000000000000000068 /* EasterEggOverlay.swift in Sources */,
				AAA000000000000000000069 /* GameSetupView.swift in Sources */,
				AAA00000000000000000006A /* PlayerRowView.swift in Sources */,
				AAA00000000000000000006B /* ScoreEntrySheet.swift in Sources */,
				AAA00000000000000000006C /* ScoringView.swift in Sources */,
				A21B9D312FC3B5DC00530D77 /* SessionStore.swift in Sources */,
				AAA00000000000000000006D /* WinView.swift in Sources */,
			);
			runOnlyForDeploymentPostprocessing = 0;
		};
		AAA000000000000000000022 /* Sources */ = {
			isa = PBXSourcesBuildPhase;
			buildActionMask = 2147483647;
			files = (
				AAA000000000000000000070 /* GameSetupTests.swift in Sources */,
				A21B9D332FC3B5FF00530D77 /* SessionPersistenceTests.swift in Sources */,
				AAA000000000000000000071 /* GameSessionTests.swift in Sources */,
			);
			runOnlyForDeploymentPostprocessing = 0;
		};
/* End PBXSourcesBuildPhase section */

/* Begin PBXTargetDependency section */
		AAA000000000000000000080 /* PBXTargetDependency */ = {
			isa = PBXTargetDependency;
			target = AAA000000000000000000010 /* SkyjoScorekeeper */;
			targetProxy = AAA000000000000000000081 /* PBXContainerItemProxy */;
		};
/* End PBXTargetDependency section */

/* Begin XCBuildConfiguration section */
		AAA000000000000000000005 /* Debug */ = {
			isa = XCBuildConfiguration;
			buildSettings = {
				ALWAYS_SEARCH_USER_PATHS = NO;
				ASSETCATALOG_COMPILER_GENERATE_SWIFT_ASSET_SYMBOL_EXTENSIONS = YES;
				CLANG_ANALYZER_NONNULL = YES;
				CLANG_ANALYZER_NUMBER_OBJECT_CONVERSION = YES_AGGRESSIVE;
				CLANG_CXX_LANGUAGE_STANDARD = "gnu++20";
				CLANG_ENABLE_MODULES = YES;
				CLANG_ENABLE_OBJC_ARC = YES;
				CLANG_ENABLE_OBJC_WEAK = YES;
				CLANG_WARN_BLOCK_CAPTURE_AUTORELEASING = YES;
				CLANG_WARN_BOOL_CONVERSION = YES;
				CLANG_WARN_COMMA = YES;
				CLANG_WARN_CONSTANT_CONVERSION = YES;
				CLANG_WARN_DEPRECATED_OBJC_IMPLEMENTATIONS = YES;
				CLANG_WARN_DIRECT_OBJC_ISA_USAGE = YES_ERROR;
				CLANG_WARN_DOCUMENTATION_COMMENTS = YES;
				CLANG_WARN_EMPTY_BODY = YES;
				CLANG_WARN_ENUM_CONVERSION = YES;
				CLANG_WARN_INFINITE_RECURSION = YES;
				CLANG_WARN_INT_CONVERSION = YES;
				CLANG_WARN_NON_LITERAL_NULL_CONVERSION = YES;
				CLANG_WARN_OBJC_IMPLICIT_RETAIN_CYCLE = YES;
				CLANG_WARN_OBJC_IMPLICIT_RETAIN_SELF = YES;
				CLANG_WARN_OBJC_LITERAL_CONVERSION = YES;
				CLANG_WARN_OBJC_ROOT_CLASS = YES_ERROR;
				CLANG_WARN_QUOTED_INCLUDE_IN_FRAMEWORK_HEADER = YES;
				CLANG_WARN_RANGE_LOOP_ANALYSIS = YES;
				CLANG_WARN_STRICT_PROTOTYPES = YES;
				CLANG_WARN_SUSPICIOUS_MOVE = YES;
				CLANG_WARN_UNGUARDED_AVAILABILITY = YES_AGGRESSIVE;
				CLANG_WARN_UNREACHABLE_CODE = YES;
				CLANG_WARN__DUPLICATE_METHOD_MATCH = YES;
				COPY_PHASE_STRIP = NO;
				DEBUG_INFORMATION_FORMAT = dwarf;
				ENABLE_STRICT_OBJC_MSGSEND = YES;
				ENABLE_TESTABILITY = YES;
				ENABLE_USER_SCRIPT_SANDBOXING = YES;
				GCC_C_LANGUAGE_STANDARD = gnu17;
				GCC_DYNAMIC_NO_PIC = NO;
				GCC_NO_COMMON_BLOCKS = YES;
				GCC_OPTIMIZATION_LEVEL = 0;
				GCC_PREPROCESSOR_DEFINITIONS = (
					"DEBUG=1",
					"$(inherited)",
				);
				GCC_WARN_64_TO_32_BIT_CONVERSION = YES;
				GCC_WARN_ABOUT_RETURN_TYPE = YES_ERROR;
				GCC_WARN_UNDECLARED_SELECTOR = YES;
				GCC_WARN_UNINITIALIZED_AUTOS = YES_AGGRESSIVE;
				GCC_WARN_UNUSED_FUNCTION = YES;
				GCC_WARN_UNUSED_VARIABLE = YES;
				IPHONEOS_DEPLOYMENT_TARGET = 17.0;
				MTL_ENABLE_DEBUG_INFO = INCLUDE_SOURCE;
				MTL_FAST_MATH = YES;
				ONLY_ACTIVE_ARCH = YES;
				SDKROOT = iphoneos;
				STRING_CATALOG_GENERATE_SYMBOLS = YES;
				SWIFT_ACTIVE_COMPILATION_CONDITIONS = "DEBUG $(inherited)";
				SWIFT_OPTIMIZATION_LEVEL = "-Onone";
			};
			name = Debug;
		};
		AAA000000000000000000006 /* Release */ = {
			isa = XCBuildConfiguration;
			buildSettings = {
				ALWAYS_SEARCH_USER_PATHS = NO;
				ASSETCATALOG_COMPILER_GENERATE_SWIFT_ASSET_SYMBOL_EXTENSIONS = YES;
				CLANG_ANALYZER_NONNULL = YES;
				CLANG_ANALYZER_NUMBER_OBJECT_CONVERSION = YES_AGGRESSIVE;
				CLANG_CXX_LANGUAGE_STANDARD = "gnu++20";
				CLANG_ENABLE_MODULES = YES;
				CLANG_ENABLE_OBJC_ARC = YES;
				CLANG_ENABLE_OBJC_WEAK = YES;
				CLANG_WARN_BLOCK_CAPTURE_AUTORELEASING = YES;
				CLANG_WARN_BOOL_CONVERSION = YES;
				CLANG_WARN_COMMA = YES;
				CLANG_WARN_CONSTANT_CONVERSION = YES;
				CLANG_WARN_DEPRECATED_OBJC_IMPLEMENTATIONS = YES;
				CLANG_WARN_DIRECT_OBJC_ISA_USAGE = YES_ERROR;
				CLANG_WARN_DOCUMENTATION_COMMENTS = YES;
				CLANG_WARN_EMPTY_BODY = YES;
				CLANG_WARN_ENUM_CONVERSION = YES;
				CLANG_WARN_INFINITE_RECURSION = YES;
				CLANG_WARN_INT_CONVERSION = YES;
				CLANG_WARN_NON_LITERAL_NULL_CONVERSION = YES;
				CLANG_WARN_OBJC_IMPLICIT_RETAIN_CYCLE = YES;
				CLANG_WARN_OBJC_IMPLICIT_RETAIN_SELF = YES;
				CLANG_WARN_OBJC_LITERAL_CONVERSION = YES;
				CLANG_WARN_OBJC_ROOT_CLASS = YES_ERROR;
				CLANG_WARN_QUOTED_INCLUDE_IN_FRAMEWORK_HEADER = YES;
				CLANG_WARN_RANGE_LOOP_ANALYSIS = YES;
				CLANG_WARN_STRICT_PROTOTYPES = YES;
				CLANG_WARN_SUSPICIOUS_MOVE = YES;
				CLANG_WARN_UNGUARDED_AVAILABILITY = YES_AGGRESSIVE;
				CLANG_WARN_UNREACHABLE_CODE = YES;
				CLANG_WARN__DUPLICATE_METHOD_MATCH = YES;
				COPY_PHASE_STRIP = NO;
				DEBUG_INFORMATION_FORMAT = "dwarf-with-dsym";
				ENABLE_NS_ASSERTIONS = NO;
				ENABLE_STRICT_OBJC_MSGSEND = YES;
				ENABLE_USER_SCRIPT_SANDBOXING = YES;
				GCC_C_LANGUAGE_STANDARD = gnu17;
				GCC_NO_COMMON_BLOCKS = YES;
				GCC_WARN_64_TO_32_BIT_CONVERSION = YES;
				GCC_WARN_ABOUT_RETURN_TYPE = YES_ERROR;
				GCC_WARN_UNDECLARED_SELECTOR = YES;
				GCC_WARN_UNINITIALIZED_AUTOS = YES_AGGRESSIVE;
				GCC_WARN_UNUSED_FUNCTION = YES;
				GCC_WARN_UNUSED_VARIABLE = YES;
				IPHONEOS_DEPLOYMENT_TARGET = 17.0;
				MTL_FAST_MATH = YES;
				SDKROOT = iphoneos;
				STRING_CATALOG_GENERATE_SYMBOLS = YES;
				SWIFT_COMPILATION_MODE = wholemodule;
				SWIFT_OPTIMIZATION_LEVEL = "-O";
				VALIDATE_PRODUCT = YES;
			};
			name = Release;
		};
		AAA000000000000000000016 /* Debug */ = {
			isa = XCBuildConfiguration;
			buildSettings = {
				ASSETCATALOG_COMPILER_APPICON_NAME = AppIcon;
				ASSETCATALOG_COMPILER_GLOBAL_ACCENT_COLOR_NAME = AccentColor;
				CODE_SIGN_STYLE = Automatic;
				CURRENT_PROJECT_VERSION = 8;
				DEVELOPMENT_TEAM = 8QKC3L2FKP;
				ENABLE_PREVIEWS = YES;
				GENERATE_INFOPLIST_FILE = YES;
				INFOPLIST_KEY_CFBundleDisplayName = "Score for Skyjo";
				INFOPLIST_KEY_LSApplicationCategoryType = "public.app-category.card-games";
				INFOPLIST_KEY_UIApplicationSceneManifest_Generation = YES;
				INFOPLIST_KEY_UIApplicationSupportsIndirectInputEvents = YES;
				INFOPLIST_KEY_UILaunchScreen_Generation = YES;
				INFOPLIST_KEY_UISupportedInterfaceOrientations = "UIInterfaceOrientationPortrait UIInterfaceOrientationPortraitUpsideDown UIInterfaceOrientationLandscapeLeft UIInterfaceOrientationLandscapeRight";
				INFOPLIST_KEY_UISupportedInterfaceOrientations_iPhone = UIInterfaceOrientationPortrait;
				LD_RUNPATH_SEARCH_PATHS = (
					"$(inherited)",
					"@executable_path/Frameworks",
				);
				MARKETING_VERSION = 1.4;
				PRODUCT_BUNDLE_IDENTIFIER = com.dtgibson.SkyjoScorekeeper;
				PRODUCT_NAME = "$(TARGET_NAME)";
				SUPPORTED_PLATFORMS = "iphoneos iphonesimulator";
				SUPPORTS_MACCATALYST = NO;
				SWIFT_EMIT_LOC_STRINGS = YES;
				SWIFT_VERSION = 5.0;
				TARGETED_DEVICE_FAMILY = "1,2";
			};
			name = Debug;
		};
		AAA000000000000000000017 /* Release */ = {
			isa = XCBuildConfiguration;
			buildSettings = {
				ASSETCATALOG_COMPILER_APPICON_NAME = AppIcon;
				ASSETCATALOG_COMPILER_GLOBAL_ACCENT_COLOR_NAME = AccentColor;
				CODE_SIGN_STYLE = Automatic;
				CURRENT_PROJECT_VERSION = 8;
				DEVELOPMENT_TEAM = 8QKC3L2FKP;
				ENABLE_PREVIEWS = YES;
				GENERATE_INFOPLIST_FILE = YES;
				INFOPLIST_KEY_CFBundleDisplayName = "Score for Skyjo";
				INFOPLIST_KEY_LSApplicationCategoryType = "public.app-category.card-games";
				INFOPLIST_KEY_UIApplicationSceneManifest_Generation = YES;
				INFOPLIST_KEY_UIApplicationSupportsIndirectInputEvents = YES;
				INFOPLIST_KEY_UILaunchScreen_Generation = YES;
				INFOPLIST_KEY_UISupportedInterfaceOrientations = "UIInterfaceOrientationPortrait UIInterfaceOrientationPortraitUpsideDown UIInterfaceOrientationLandscapeLeft UIInterfaceOrientationLandscapeRight";
				INFOPLIST_KEY_UISupportedInterfaceOrientations_iPhone = UIInterfaceOrientationPortrait;
				LD_RUNPATH_SEARCH_PATHS = (
					"$(inherited)",
					"@executable_path/Frameworks",
				);
				MARKETING_VERSION = 1.4;
				PRODUCT_BUNDLE_IDENTIFIER = com.dtgibson.SkyjoScorekeeper;
				PRODUCT_NAME = "$(TARGET_NAME)";
				SUPPORTED_PLATFORMS = "iphoneos iphonesimulator";
				SUPPORTS_MACCATALYST = NO;
				SWIFT_EMIT_LOC_STRINGS = YES;
				SWIFT_VERSION = 5.0;
				TARGETED_DEVICE_FAMILY = "1,2";
			};
			name = Release;
		};
		AAA000000000000000000025 /* Debug */ = {
			isa = XCBuildConfiguration;
			buildSettings = {
				BUNDLE_LOADER = "$(TEST_HOST)";
				CODE_SIGN_STYLE = Automatic;
				CURRENT_PROJECT_VERSION = 1;
				DEVELOPMENT_TEAM = "";
				GENERATE_INFOPLIST_FILE = YES;
				MARKETING_VERSION = 1.0;
				PRODUCT_BUNDLE_IDENTIFIER = com.dtgibson.SkyjoScorekeeperTests;
				PRODUCT_NAME = "$(TARGET_NAME)";
				SWIFT_EMIT_LOC_STRINGS = NO;
				SWIFT_VERSION = 5.0;
				TARGETED_DEVICE_FAMILY = 1;
				TEST_HOST = "$(BUILT_PRODUCTS_DIR)/SkyjoScorekeeper.app/$(BUNDLE_EXECUTABLE_FOLDER_PATH)/SkyjoScorekeeper";
			};
			name = Debug;
		};
		AAA000000000000000000026 /* Release */ = {
			isa = XCBuildConfiguration;
			buildSettings = {
				BUNDLE_LOADER = "$(TEST_HOST)";
				CODE_SIGN_STYLE = Automatic;
				CURRENT_PROJECT_VERSION = 1;
				DEVELOPMENT_TEAM = "";
				GENERATE_INFOPLIST_FILE = YES;
				MARKETING_VERSION = 1.0;
				PRODUCT_BUNDLE_IDENTIFIER = com.dtgibson.SkyjoScorekeeperTests;
				PRODUCT_NAME = "$(TARGET_NAME)";
				SWIFT_EMIT_LOC_STRINGS = NO;
				SWIFT_VERSION = 5.0;
				TARGETED_DEVICE_FAMILY = 1;
				TEST_HOST = "$(BUILT_PRODUCTS_DIR)/SkyjoScorekeeper.app/$(BUNDLE_EXECUTABLE_FOLDER_PATH)/SkyjoScorekeeper";
			};
			name = Release;
		};
/* End XCBuildConfiguration section */

/* Begin XCConfigurationList section */
		AAA000000000000000000004 /* Build configuration list for PBXProject "SkyjoScorekeeper" */ = {
			isa = XCConfigurationList;
			buildConfigurations = (
				AAA000000000000000000005 /* Debug */,
				AAA000000000000000000006 /* Release */,
			);
			defaultConfigurationIsVisible = 0;
			defaultConfigurationName = Release;
		};
		AAA000000000000000000015 /* Build configuration list for PBXNativeTarget "SkyjoScorekeeper" */ = {
			isa = XCConfigurationList;
			buildConfigurations = (
				AAA000000000000000000016 /* Debug */,
				AAA000000000000000000017 /* Release */,
			);
			defaultConfigurationIsVisible = 0;
			defaultConfigurationName = Release;
		};
		AAA000000000000000000024 /* Build configuration list for PBXNativeTarget "SkyjoScorekeeperTests" */ = {
			isa = XCConfigurationList;
			buildConfigurations = (
				AAA000000000000000000025 /* Debug */,
				AAA000000000000000000026 /* Release */,
			);
			defaultConfigurationIsVisible = 0;
			defaultConfigurationName = Release;
		};
/* End XCConfigurationList section */
	};
	rootObject = AAA000000000000000000001 /* Project object */;
}
